
Microsoft Visual Studio Solution File, Format Version 12.00
# Visual Studio Version 16
VisualStudioVersion = 16.0.32413.511
MinimumVisualStudioVersion = 10.0.40219.1
Project("{FAE04EC0-301F-11D3-BF4B-00C04F79EFBC}") = "WpfApp1", "WpfApp1.csproj", "{EB88DD7B-7DBA-445E-B611-F0AD35D7B1AA}"
EndProject
Global
	GlobalSection(SolutionConfigurationPlatforms) = preSolution
		Debug|Any CPU = Debug|Any CPU
		Release|Any CPU = Release|Any CPU
	EndGlobalSection
	GlobalSection(ProjectConfigurationPlatforms) = postSolution
		{EB88DD7B-7DBA-445E-B611-F0AD35D7B1AA}.Debug|Any CPU.ActiveCfg = Debug|Any CPU
		{EB88DD7B-7DBA-445E-B611-F0AD35D7B1AA}.Debug|Any CPU.Build.0 = Debug|Any CPU
		{EB88DD7B-7DBA-445E-B611-F0AD35D7B1AA}.Release|Any CPU.ActiveCfg = Release|Any CPU
		{EB88DD7B-7DBA-445E-B611-F0AD35D7B1AA}.Release|Any CPU.Build.0 = Release|Any CPU
	EndGlobalSection
	GlobalSection(SolutionProperties) = preSolution
		HideSolutionNode = FALSE
	EndGlobalSection
	GlobalSection(ExtensibilityGlobals) = postSolution
		SolutionGuid = {77939113-7B0D-4EA3-AF12-D6FDA8E82D55}
	EndGlobalSection
EndGlobal
